
Microsoft Visual Studio Solution File, Format Version 12.00
# Visual Studio 15
VisualStudioVersion = 15.0.28307.705
MinimumVisualStudioVersion = 10.0.40219.1
Project("{9A19103F-16F7-4668-BE54-9A1E7A4F7556}") = "EVA-Extract-Actuals", "EVA-Extract-Actuals\EVA-Extract-Actuals.csproj", "{A174B208-3A2F-49F3-913C-B87442DCBC6B}"
EndProject
Global
	GlobalSection(SolutionConfigurationPlatforms) = preSolution
		Debug|Any CPU = Debug|Any CPU
		Release|Any CPU = Release|Any CPU
	EndGlobalSection
	GlobalSection(ProjectConfigurationPlatforms) = postSolution
		{A174B208-3A2F-49F3-913C-B87442DCBC6B}.Debug|Any CPU.ActiveCfg = Debug|Any CPU
		{A174B208-3A2F-49F3-913C-B87442DCBC6B}.Debug|Any CPU.Build.0 = Debug|Any CPU
		{A174B208-3A2F-49F3-913C-B87442DCBC6B}.Release|Any CPU.ActiveCfg = Release|Any CPU
		{A174B208-3A2F-49F3-913C-B87442DCBC6B}.Release|Any CPU.Build.0 = Release|Any CPU
	EndGlobalSection
	GlobalSection(SolutionProperties) = preSolution
		HideSolutionNode = FALSE
	EndGlobalSection
	GlobalSection(ExtensibilityGlobals) = postSolution
		SolutionGuid = {0E31D685-8939-48B8-87CB-AA4D95D0FB25}
	EndGlobalSection
EndGlobal
